// !$*UTF8*$!
{
	archiveVersion = 1;
	classes = {
	};
	objectVersion = 50;
	objects = {

/* Begin PBXBuildFile section */
		10021C4622D691C80037A0D5 /* AppDelegate.swift in Sources */ = {isa = PBXBuildFile; fileRef = 10021C4522D691C80037A0D5 /* AppDelegate.swift */; };
		10021C4822D691C80037A0D5 /* SceneDelegate.swift in Sources */ = {isa = PBXBuildFile; fileRef = 10021C4722D691C80037A0D5 /* SceneDelegate.swift */; };
		10021C4B22D691C80037A0D5 /* Receipts.xcdatamodeld in Sources */ = {isa = PBXBuildFile; fileRef = 10021C4922D691C80037A0D5 /* Receipts.xcdatamodeld */; };
		10021C4D22D691C80037A0D5 /* Tabs.swift in Sources */ = {isa = PBXBuildFile; fileRef = 10021C4C22D691C80037A0D5 /* Tabs.swift */; };
		10021C4F22D691C90037A0D5 /* Assets.xcassets in Resources */ = {isa = PBXBuildFile; fileRef = 10021C4E22D691C90037A0D5 /* Assets.xcassets */; };
		10021C5222D691C90037A0D5 /* Preview Assets.xcassets in Resources */ = {isa = PBXBuildFile; fileRef = 10021C5122D691C90037A0D5 /* Preview Assets.xcassets */; };
		10021C5522D691C90037A0D5 /* LaunchScreen.storyboard in Resources */ = {isa = PBXBuildFile; fileRef = 10021C5322D691C90037A0D5 /* LaunchScreen.storyboard */; };
		10021C5D22D6ACD90037A0D5 /* Home.swift in Sources */ = {isa = PBXBuildFile; fileRef = 10021C5C22D6ACD90037A0D5 /* Home.swift */; };
		1011C6CF22E173F8009E7C7E /* Receipts.swift in Sources */ = {isa = PBXBuildFile; fileRef = 1011C6CE22E173F8009E7C7E /* Receipts.swift */; };
		10812EA122E2538100F10AFF /* Scan.swift in Sources */ = {isa = PBXBuildFile; fileRef = 10812EA022E2538100F10AFF /* Scan.swift */; };
/* End PBXBuildFile section */

/* Begin PBXFileReference section */
		10021C4222D691C80037A0D5 /* Receipts.app */ = {isa = PBXFileReference; explicitFileType = wrapper.application; includeInIndex = 0; path = Receipts.app; sourceTree = BUILT_PRODUCTS_DIR; };
		10021C4522D691C80037A0D5 /* AppDelegate.swift */ = {isa = PBXFileReference; lastKnownFileType = sourcecode.swift; path = AppDelegate.swift; sourceTree = "<group>"; };
		10021C4722D691C80037A0D5 /* SceneDelegate.swift */ = {isa = PBXFileReference; lastKnownFileType = sourcecode.swift; path = SceneDelegate.swift; sourceTree = "<group>"; };
		10021C4A22D691C80037A0D5 /* Receipts.xcdatamodel */ = {isa = PBXFileReference; lastKnownFileType = wrapper.xcdatamodel; path = Receipts.xcdatamodel; sourceTree = "<group>"; };
		10021C4C22D691C80037A0D5 /* Tabs.swift */ = {isa = PBXFileReference; lastKnownFileType = sourcecode.swift; path = Tabs.swift; sourceTree = "<group>"; };
		10021C4E22D691C90037A0D5 /* Assets.xcassets */ = {isa = PBXFileReference; lastKnownFileType = folder.assetcatalog; path = Assets.xcassets; sourceTree = "<group>"; };
		10021C5122D691C90037A0D5 /* Preview Assets.xcassets */ = {isa = PBXFileReference; lastKnownFileType = folder.assetcatalog; path = "Preview Assets.xcassets"; sourceTree = "<group>"; };
		10021C5422D691C90037A0D5 /* Base */ = {isa = PBXFileReference; lastKnownFileType = file.storyboard; name = Base; path = Base.lproj/LaunchScreen.storyboard; sourceTree = "<group>"; };
		10021C5622D691C90037A0D5 /* Info.plist */ = {isa = PBXFileReference; lastKnownFileType = text.plist.xml; path = Info.plist; sourceTree = "<group>"; };
		10021C5C22D6ACD90037A0D5 /* Home.swift */ = {isa = PBXFileReference; lastKnownFileType = sourcecode.swift; path = Home.swift; sourceTree = "<group>"; };
		1011C6CE22E173F8009E7C7E /* Receipts.swift */ = {isa = PBXFileReference; lastKnownFileType = sourcecode.swift; name = Receipts.swift; path = ../../../../../../System/Volumes/Data/Users/mohammed/Desktop/Receipts/Receipts/Receipts/Receipts.swift; sourceTree = "<group>"; };
		10812EA022E2538100F10AFF /* Scan.swift */ = {isa = PBXFileReference; lastKnownFileType = sourcecode.swift; name = Scan.swift; path = ../../../../../../System/Volumes/Data/Users/mohammed/Desktop/Receipts/Receipts/Receipts/Scan.swift; sourceTree = "<group>"; };
/* End PBXFileReference section */

/* Begin PBXFrameworksBuildPhase section */
		10021C3F22D691C80037A0D5 /* Frameworks */ = {
			isa = PBXFrameworksBuildPhase;
			buildActionMask = 2147483647;
			files = (
			);
			runOnlyForDeploymentPostprocessing = 0;
		};
/* End PBXFrameworksBuildPhase section */

/* Begin PBXGroup section */
		10021C3922D691C80037A0D5 = {
			isa = PBXGroup;
			children = (
				10021C4422D691C80037A0D5 /* Receipts */,
				10021C4322D691C80037A0D5 /* Products */,
			);
			sourceTree = "<group>";
		};
		10021C4322D691C80037A0D5 /* Products */ = {
			isa = PBXGroup;
			children = (
				10021C4222D691C80037A0D5 /* Receipts.app */,
			);
			name = Products;
			sourceTree = "<group>";
		};
		10021C4422D691C80037A0D5 /* Receipts */ = {
			isa = PBXGroup;
			children = (
				10021C4522D691C80037A0D5 /* AppDelegate.swift */,
				10021C4722D691C80037A0D5 /* SceneDelegate.swift */,
				10021C4C22D691C80037A0D5 /* Tabs.swift */,
				10021C5C22D6ACD90037A0D5 /* Home.swift */,
				10812EA022E2538100F10AFF /* Scan.swift */,
				1011C6CE22E173F8009E7C7E /* Receipts.swift */,
				10021C4E22D691C90037A0D5 /* Assets.xcassets */,
				10021C5322D691C90037A0D5 /* LaunchScreen.storyboard */,
				10021C5622D691C90037A0D5 /* Info.plist */,
				10021C4922D691C80037A0D5 /* Receipts.xcdatamodeld */,
				10021C5022D691C90037A0D5 /* Preview Content */,
			);
			path = Receipts;
			sourceTree = "<group>";
		};
		10021C5022D691C90037A0D5 /* Preview Content */ = {
			isa = PBXGroup;
			children = (
				10021C5122D691C90037A0D5 /* Preview Assets.xcassets */,
			);
			path = "Preview Content";
			sourceTree = "<group>";
		};
/* End PBXGroup section */

/* Begin PBXNativeTarget section */
		10021C4122D691C80037A0D5 /* Receipts */ = {
			isa = PBXNativeTarget;
			buildConfigurationList = 10021C5922D691C90037A0D5 /* Build configuration list for PBXNativeTarget "Receipts" */;
			buildPhases = (
				10021C3E22D691C80037A0D5 /* Sources */,
				10021C3F22D691C80037A0D5 /* Frameworks */,
				10021C4022D691C80037A0D5 /* Resources */,
			);
			buildRules = (
			);
			dependencies = (
			);
			name = Receipts;
			productName = Receipts;
			productReference = 10021C4222D691C80037A0D5 /* Receipts.app */;
			productType = "com.apple.product-type.application";
		};
/* End PBXNativeTarget section */

/* Begin PBXProject section */
		10021C3A22D691C80037A0D5 /* Project object */ = {
			isa = PBXProject;
			attributes = {
				LastSwiftUpdateCheck = 1100;
				LastUpgradeCheck = 1100;
				ORGANIZATIONNAME = "Mohammed Ibrahim";
				TargetAttributes = {
					10021C4122D691C80037A0D5 = {
						CreatedOnToolsVersion = 11.0;
					};
				};
			};
			buildConfigurationList = 10021C3D22D691C80037A0D5 /* Build configuration list for PBXProject "Receipts" */;
			compatibilityVersion = "Xcode 9.3";
			developmentRegion = en;
			hasScannedForEncodings = 0;
			knownRegions = (
				en,
				Base,
			);
			mainGroup = 10021C3922D691C80037A0D5;
			productRefGroup = 10021C4322D691C80037A0D5 /* Products */;
			projectDirPath = "";
			projectRoot = "";
			targets = (
				10021C4122D691C80037A0D5 /* Receipts */,
			);
		};
/* End PBXProject section */

/* Begin PBXResourcesBuildPhase section */
		10021C4022D691C80037A0D5 /* Resources */ = {
			isa = PBXResourcesBuildPhase;
			buildActionMask = 2147483647;
			files = (
				10021C5522D691C90037A0D5 /* LaunchScreen.storyboard in Resources */,
				10021C5222D691C90037A0D5 /* Preview Assets.xcassets in Resources */,
				10021C4F22D691C90037A0D5 /* Assets.xcassets in Resources */,
			);
			runOnlyForDeploymentPostprocessing = 0;
		};
/* End PBXResourcesBuildPhase section */

/* Begin PBXSourcesBuildPhase section */
		10021C3E22D691C80037A0D5 /* Sources */ = {
			isa = PBXSourcesBuildPhase;
			buildActionMask = 2147483647;
			files = (
				1011C6CF22E173F8009E7C7E /* Receipts.swift in Sources */,
				10021C4B22D691C80037A0D5 /* Receipts.xcdatamodeld in Sources */,
				10021C4622D691C80037A0D5 /* AppDelegate.swift in Sources */,
				10021C5D22D6ACD90037A0D5 /* Home.swift in Sources */,
				10021C4D22D691C80037A0D5 /* Tabs.swift in Sources */,
				10812EA122E2538100F10AFF /* Scan.swift in Sources */,
				10021C4822D691C80037A0D5 /* SceneDelegate.swift in Sources */,
			);
			runOnlyForDeploymentPostprocessing = 0;
		};
/* End PBXSourcesBuildPhase section */

/* Begin PBXVariantGroup section */
		10021C5322D691C90037A0D5 /* LaunchScreen.storyboard */ = {
			isa = PBXVariantGroup;
			children = (
				10021C5422D691C90037A0D5 /* Base */,
			);
			name = LaunchScreen.storyboard;
			sourceTree = "<group>";
		};
/* End PBXVariantGroup section */

/* Begin XCBuildConfiguration section */
		10021C5722D691C90037A0D5 /* Debug */ = {
			isa = XCBuildConfiguration;
			buildSettings = {
				ALWAYS_SEARCH_USER_PATHS = NO;
				CLANG_ANALYZER_NONNULL = YES;
				CLANG_ANALYZER_NUMBER_OBJECT_CONVERSION = YES_AGGRESSIVE;
				CLANG_CXX_LANGUAGE_STANDARD = "gnu++14";
				CLANG_CXX_LIBRARY = "libc++";
				CLANG_ENABLE_MODULES = YES;
				CLANG_ENABLE_OBJC_ARC = YES;
				CLANG_ENABLE_OBJC_WEAK = YES;
				CLANG_WARN_BLOCK_CAPTURE_AUTORELEASING = YES;
				CLANG_WARN_BOOL_CONVERSION = YES;
				CLANG_WARN_COMMA = YES;
				CLANG_WARN_CONSTANT_CONVERSION = YES;
				CLANG_WARN_DEPRECATED_OBJC_IMPLEMENTATIONS = YES;
				CLANG_WARN_DIRECT_OBJC_ISA_USAGE = YES_ERROR;
				CLANG_WARN_DOCUMENTATION_COMMENTS = YES;
				CLANG_WARN_EMPTY_BODY = YES;
				CLANG_WARN_ENUM_CONVERSION = YES;
				CLANG_WARN_INFINITE_RECURSION = YES;
				CLANG_WARN_INT_CONVERSION = YES;
				CLANG_WARN_NON_LITERAL_NULL_CONVERSION = YES;
				CLANG_WARN_OBJC_IMPLICIT_RETAIN_SELF = YES;
				CLANG_WARN_OBJC_LITERAL_CONVERSION = YES;
				CLANG_WARN_OBJC_ROOT_CLASS = YES_ERROR;
				CLANG_WARN_RANGE_LOOP_ANALYSIS = YES;
				CLANG_WARN_STRICT_PROTOTYPES = YES;
				CLANG_WARN_SUSPICIOUS_MOVE = YES;
				CLANG_WARN_UNGUARDED_AVAILABILITY = YES_AGGRESSIVE;
				CLANG_WARN_UNREACHABLE_CODE = YES;
				CLANG_WARN__DUPLICATE_METHOD_MATCH = YES;
				COPY_PHASE_STRIP = NO;
				DEBUG_INFORMATION_FORMAT = dwarf;
				ENABLE_STRICT_OBJC_MSGSEND = YES;
				ENABLE_TESTABILITY = YES;
				GCC_C_LANGUAGE_STANDARD = gnu11;
				GCC_DYNAMIC_NO_PIC = NO;
				GCC_NO_COMMON_BLOCKS = YES;
				GCC_OPTIMIZATION_LEVEL = 0;
				GCC_PREPROCESSOR_DEFINITIONS = (
					"DEBUG=1",
					"$(inherited)",
				);
				GCC_WARN_64_TO_32_BIT_CONVERSION = YES;
				GCC_WARN_ABOUT_RETURN_TYPE = YES_ERROR;
				GCC_WARN_UNDECLARED_SELECTOR = YES;
				GCC_WARN_UNINITIALIZED_AUTOS = YES_AGGRESSIVE;
				GCC_WARN_UNUSED_FUNCTION = YES;
				GCC_WARN_UNUSED_VARIABLE = YES;
				IPHONEOS_DEPLOYMENT_TARGET = 13.0;
				MTL_ENABLE_DEBUG_INFO = INCLUDE_SOURCE;
				MTL_FAST_MATH = YES;
				ONLY_ACTIVE_ARCH = YES;
				SDKROOT = iphoneos;
				SWIFT_ACTIVE_COMPILATION_CONDITIONS = DEBUG;
				SWIFT_OPTIMIZATION_LEVEL = "-Onone";
			};
			name = Debug;
		};
		10021C5822D691C90037A0D5 /* Release */ = {
			isa = XCBuildConfiguration;
			buildSettings = {
				ALWAYS_SEARCH_USER_PATHS = NO;
				CLANG_ANALYZER_NONNULL = YES;
				CLANG_ANALYZER_NUMBER_OBJECT_CONVERSION = YES_AGGRESSIVE;
				CLANG_CXX_LANGUAGE_STANDARD = "gnu++14";
				CLANG_CXX_LIBRARY = "libc++";
				CLANG_ENABLE_MODULES = YES;
				CLANG_ENABLE_OBJC_ARC = YES;
				CLANG_ENABLE_OBJC_WEAK = YES;
				CLANG_WARN_BLOCK_CAPTURE_AUTORELEASING = YES;
				CLANG_WARN_BOOL_CONVERSION = YES;
				CLANG_WARN_COMMA = YES;
				CLANG_WARN_CONSTANT_CONVERSION = YES;
				CLANG_WARN_DEPRECATED_OBJC_IMPLEMENTATIONS = YES;
				CLANG_WARN_DIRECT_OBJC_ISA_USAGE = YES_ERROR;
				CLANG_WARN_DOCUMENTATION_COMMENTS = YES;
				CLANG_WARN_EMPTY_BODY = YES;
				CLANG_WARN_ENUM_CONVERSION = YES;
				CLANG_WARN_INFINITE_RECURSION = YES;
				CLANG_WARN_INT_CONVERSION = YES;
				CLANG_WARN_NON_LITERAL_NULL_CONVERSION = YES;
				CLANG_WARN_OBJC_IMPLICIT_RETAIN_SELF = YES;
				CLANG_WARN_OBJC_LITERAL_CONVERSION = YES;
				CLANG_WARN_OBJC_ROOT_CLASS = YES_ERROR;
				CLANG_WARN_RANGE_LOOP_ANALYSIS = YES;
				CLANG_WARN_STRICT_PROTOTYPES = YES;
				CLANG_WARN_SUSPICIOUS_MOVE = YES;
				CLANG_WARN_UNGUARDED_AVAILABILITY = YES_AGGRESSIVE;
				CLANG_WARN_UNREACHABLE_CODE = YES;
				CLANG_WARN__DUPLICATE_METHOD_MATCH = YES;
				COPY_PHASE_STRIP = NO;
				DEBUG_INFORMATION_FORMAT = "dwarf-with-dsym";
				ENABLE_NS_ASSERTIONS = NO;
				ENABLE_STRICT_OBJC_MSGSEND = YES;
				GCC_C_LANGUAGE_STANDARD = gnu11;
				GCC_NO_COMMON_BLOCKS = YES;
				GCC_WARN_64_TO_32_BIT_CONVERSION = YES;
				GCC_WARN_ABOUT_RETURN_TYPE = YES_ERROR;
				GCC_WARN_UNDECLARED_SELECTOR = YES;
				GCC_WARN_UNINITIALIZED_AUTOS = YES_AGGRESSIVE;
				GCC_WARN_UNUSED_FUNCTION = YES;
				GCC_WARN_UNUSED_VARIABLE = YES;
				IPHONEOS_DEPLOYMENT_TARGET = 13.0;
				MTL_ENABLE_DEBUG_INFO = NO;
				MTL_FAST_MATH = YES;
				SDKROOT = iphoneos;
				SWIFT_COMPILATION_MODE = wholemodule;
				SWIFT_OPTIMIZATION_LEVEL = "-O";
				VALIDATE_PRODUCT = YES;
			};
			name = Release;
		};
		10021C5A22D691C90037A0D5 /* Debug */ = {
			isa = XCBuildConfiguration;
			buildSettings = {
				ASSETCATALOG_COMPILER_APPICON_NAME = AppIcon;
				CODE_SIGN_STYLE = Automatic;
				DEVELOPMENT_ASSET_PATHS = "Receipts/Preview\\ Content";
				DEVELOPMENT_TEAM = 482KVWGNTL;
				ENABLE_PREVIEWS = YES;
				INFOPLIST_FILE = Receipts/Info.plist;
				LD_RUNPATH_SEARCH_PATHS = (
					"$(inherited)",
					"@executable_path/Frameworks",
				);
				PRODUCT_BUNDLE_IDENTIFIER = ca.mohammedibrahim.Receipts;
				PRODUCT_NAME = "$(TARGET_NAME)";
				SWIFT_VERSION = 5.0;
				TARGETED_DEVICE_FAMILY = "1,2";
			};
			name = Debug;
		};
		10021C5B22D691C90037A0D5 /* Release */ = {
			isa = XCBuildConfiguration;
			buildSettings = {
				ASSETCATALOG_COMPILER_APPICON_NAME = AppIcon;
				CODE_SIGN_STYLE = Automatic;
				DEVELOPMENT_ASSET_PATHS = "Receipts/Preview\\ Content";
				DEVELOPMENT_TEAM = 482KVWGNTL;
				ENABLE_PREVIEWS = YES;
				INFOPLIST_FILE = Receipts/Info.plist;
				LD_RUNPATH_SEARCH_PATHS = (
					"$(inherited)",
					"@executable_path/Frameworks",
				);
				PRODUCT_BUNDLE_IDENTIFIER = ca.mohammedibrahim.Receipts;
				PRODUCT_NAME = "$(TARGET_NAME)";
				SWIFT_VERSION = 5.0;
				TARGETED_DEVICE_FAMILY = "1,2";
			};
			name = Release;
		};
/* End XCBuildConfiguration section */

/* Begin XCConfigurationList section */
		10021C3D22D691C80037A0D5 /* Build configuration list for PBXProject "Receipts" */ = {
			isa = XCConfigurationList;
			buildConfigurations = (
				10021C5722D691C90037A0D5 /* Debug */,
				10021C5822D691C90037A0D5 /* Release */,
			);
			defaultConfigurationIsVisible = 0;
			defaultConfigurationName = Release;
		};
		10021C5922D691C90037A0D5 /* Build configuration list for PBXNativeTarget "Receipts" */ = {
			isa = XCConfigurationList;
			buildConfigurations = (
				10021C5A22D691C90037A0D5 /* Debug */,
				10021C5B22D691C90037A0D5 /* Release */,
			);
			defaultConfigurationIsVisible = 0;
			defaultConfigurationName = Release;
		};
/* End XCConfigurationList section */

/* Begin XCVersionGroup section */
		10021C4922D691C80037A0D5 /* Receipts.xcdatamodeld */ = {
			isa = XCVersionGroup;
			children = (
				10021C4A22D691C80037A0D5 /* Receipts.xcdatamodel */,
			);
			currentVersion = 10021C4A22D691C80037A0D5 /* Receipts.xcdatamodel */;
			path = Receipts.xcdatamodeld;
			sourceTree = "<group>";
			versionGroupType = wrapper.xcdatamodel;
		};
/* End XCVersionGroup section */
	};
	rootObject = 10021C3A22D691C80037A0D5 /* Project object */;
}
